
Microsoft Visual Studio Solution File, Format Version 12.00
# Visual Studio Version 16
VisualStudioVersion = 16.0.30320.27
MinimumVisualStudioVersion = 10.0.40219.1
Project("{9A19103F-16F7-4668-BE54-9A1E7A4F7556}") = "iot", "core\iot.csproj", "{0004078A-686A-44E7-97C7-59C820EB6E16}"
EndProject
Project("{9A19103F-16F7-4668-BE54-9A1E7A4F7556}") = "tests", "tests\tests.csproj", "{1BD09736-3409-4B52-B82C-87C359F9B431}"
EndProject
Global
	GlobalSection(SolutionConfigurationPlatforms) = preSolution
		Debug|Any CPU = Debug|Any CPU
		Release|Any CPU = Release|Any CPU
	EndGlobalSection
	GlobalSection(ProjectConfigurationPlatforms) = postSolution
		{0004078A-686A-44E7-97C7-59C820EB6E16}.Debug|Any CPU.ActiveCfg = Debug|Any CPU
		{0004078A-686A-44E7-97C7-59C820EB6E16}.Debug|Any CPU.Build.0 = Debug|Any CPU
		{0004078A-686A-44E7-97C7-59C820EB6E16}.Release|Any CPU.ActiveCfg = Release|Any CPU
		{0004078A-686A-44E7-97C7-59C820EB6E16}.Release|Any CPU.Build.0 = Release|Any CPU
		{1BD09736-3409-4B52-B82C-87C359F9B431}.Debug|Any CPU.ActiveCfg = Debug|Any CPU
		{1BD09736-3409-4B52-B82C-87C359F9B431}.Debug|Any CPU.Build.0 = Debug|Any CPU
		{1BD09736-3409-4B52-B82C-87C359F9B431}.Release|Any CPU.ActiveCfg = Release|Any CPU
		{1BD09736-3409-4B52-B82C-87C359F9B431}.Release|Any CPU.Build.0 = Release|Any CPU
	EndGlobalSection
	GlobalSection(SolutionProperties) = preSolution
		HideSolutionNode = FALSE
	EndGlobalSection
	GlobalSection(ExtensibilityGlobals) = postSolution
		SolutionGuid = {6DE341A3-5EDB-42BB-A75B-0DDA90885D2C}
	EndGlobalSection
EndGlobal
